
Microsoft Visual Studio Solution File, Format Version 12.00
# Visual Studio Version 16
VisualStudioVersion = 16.0.31112.23
MinimumVisualStudioVersion = 10.0.40219.1
Project("{FAE04EC0-301F-11D3-BF4B-00C04F79EFBC}") = "app3", "app3\app3.csproj", "{5A781E5F-CEE8-45CD-93A0-3647FD230C1E}"
EndProject
Global
	GlobalSection(SolutionConfigurationPlatforms) = preSolution
		Debug|Any CPU = Debug|Any CPU
		Release|Any CPU = Release|Any CPU
	EndGlobalSection
	GlobalSection(ProjectConfigurationPlatforms) = postSolution
		{5A781E5F-CEE8-45CD-93A0-3647FD230C1E}.Debug|Any CPU.ActiveCfg = Debug|Any CPU
		{5A781E5F-CEE8-45CD-93A0-3647FD230C1E}.Debug|Any CPU.Build.0 = Debug|Any CPU
		{5A781E5F-CEE8-45CD-93A0-3647FD230C1E}.Release|Any CPU.ActiveCfg = Release|Any CPU
		{5A781E5F-CEE8-45CD-93A0-3647FD230C1E}.Release|Any CPU.Build.0 = Release|Any CPU
	EndGlobalSection
	GlobalSection(SolutionProperties) = preSolution
		HideSolutionNode = FALSE
	EndGlobalSection
	GlobalSection(ExtensibilityGlobals) = postSolution
		SolutionGuid = {755BC121-480A-4344-AA3E-4231660FDFA5}
	EndGlobalSection
EndGlobal
